
Microsoft Visual Studio Solution File, Format Version 12.00
# Visual Studio Version 16
VisualStudioVersion = 16.0.30114.105
MinimumVisualStudioVersion = 10.0.40219.1
Project("{FAE04EC0-301F-11D3-BF4B-00C04F79EFBC}") = "CodeNamesProject", "CodeNamesProject.csproj", "{590F3DFB-05BE-4A79-A3DD-A56313F0B9AF}"
EndProject
Global
	GlobalSection(SolutionConfigurationPlatforms) = preSolution
		Debug|Any CPU = Debug|Any CPU
		Release|Any CPU = Release|Any CPU
	EndGlobalSection
	GlobalSection(ProjectConfigurationPlatforms) = postSolution
		{590F3DFB-05BE-4A79-A3DD-A56313F0B9AF}.Debug|Any CPU.ActiveCfg = Debug|Any CPU
		{590F3DFB-05BE-4A79-A3DD-A56313F0B9AF}.Debug|Any CPU.Build.0 = Debug|Any CPU
		{590F3DFB-05BE-4A79-A3DD-A56313F0B9AF}.Release|Any CPU.ActiveCfg = Release|Any CPU
		{590F3DFB-05BE-4A79-A3DD-A56313F0B9AF}.Release|Any CPU.Build.0 = Release|Any CPU
	EndGlobalSection
	GlobalSection(SolutionProperties) = preSolution
		HideSolutionNode = FALSE
	EndGlobalSection
	GlobalSection(ExtensibilityGlobals) = postSolution
		SolutionGuid = {B3326A53-D618-4327-A967-769B39B4B066}
	EndGlobalSection
EndGlobal
